
Microsoft Visual Studio Solution File, Format Version 12.00
Project("{FAE04EC0-301F-11D3-BF4B-00C04F79EFBC}") = "OneOfExample", "OneOfExample\OneOfExample.csproj", "{37EAB306-11B4-4250-A2D0-DF8BA268F573}"
EndProject
Global
	GlobalSection(SolutionConfigurationPlatforms) = preSolution
		Debug|Any CPU = Debug|Any CPU
		Release|Any CPU = Release|Any CPU
	EndGlobalSection
	GlobalSection(ProjectConfigurationPlatforms) = postSolution
		{37EAB306-11B4-4250-A2D0-DF8BA268F573}.Debug|Any CPU.ActiveCfg = Debug|Any CPU
		{37EAB306-11B4-4250-A2D0-DF8BA268F573}.Debug|Any CPU.Build.0 = Debug|Any CPU
		{37EAB306-11B4-4250-A2D0-DF8BA268F573}.Release|Any CPU.ActiveCfg = Release|Any CPU
		{37EAB306-11B4-4250-A2D0-DF8BA268F573}.Release|Any CPU.Build.0 = Release|Any CPU
	EndGlobalSection
EndGlobal
